
Microsoft Visual Studio Solution File, Format Version 12.00
# Visual Studio Version 17
VisualStudioVersion = 17.8.34408.163
MinimumVisualStudioVersion = 10.0.40219.1
Project("{FAE04EC0-301F-11D3-BF4B-00C04F79EFBC}") = "MODUL10", "MODUL10\MODUL10.csproj", "{E2510014-7916-4A91-97F2-F6B325F1E175}"
EndProject
Global
	GlobalSection(SolutionConfigurationPlatforms) = preSolution
		Debug|Any CPU = Debug|Any CPU
		Release|Any CPU = Release|Any CPU
	EndGlobalSection
	GlobalSection(ProjectConfigurationPlatforms) = postSolution
		{E2510014-7916-4A91-97F2-F6B325F1E175}.Debug|Any CPU.ActiveCfg = Debug|Any CPU
		{E2510014-7916-4A91-97F2-F6B325F1E175}.Debug|Any CPU.Build.0 = Debug|Any CPU
		{E2510014-7916-4A91-97F2-F6B325F1E175}.Release|Any CPU.ActiveCfg = Release|Any CPU
		{E2510014-7916-4A91-97F2-F6B325F1E175}.Release|Any CPU.Build.0 = Release|Any CPU
	EndGlobalSection
	GlobalSection(SolutionProperties) = preSolution
		HideSolutionNode = FALSE
	EndGlobalSection
	GlobalSection(ExtensibilityGlobals) = postSolution
		SolutionGuid = {F474EAAE-C69D-4AE7-9349-723A4109FA54}
	EndGlobalSection
EndGlobal
